
Microsoft Visual Studio Solution File, Format Version 12.00
# Visual Studio Version 17
VisualStudioVersion = 17.7.34024.191
MinimumVisualStudioVersion = 10.0.40219.1
Project("{888888A0-9F3D-457C-B088-3A5042F75D52}") = "L6_HW_2", "L6_HW_2.pyproj", "{615B03BE-78A6-4637-AF02-0A96FB5C508C}"
EndProject
Global
	GlobalSection(SolutionConfigurationPlatforms) = preSolution
		Debug|Any CPU = Debug|Any CPU
		Release|Any CPU = Release|Any CPU
	EndGlobalSection
	GlobalSection(ProjectConfigurationPlatforms) = postSolution
		{615B03BE-78A6-4637-AF02-0A96FB5C508C}.Debug|Any CPU.ActiveCfg = Debug|Any CPU
		{615B03BE-78A6-4637-AF02-0A96FB5C508C}.Release|Any CPU.ActiveCfg = Release|Any CPU
	EndGlobalSection
	GlobalSection(SolutionProperties) = preSolution
		HideSolutionNode = FALSE
	EndGlobalSection
	GlobalSection(ExtensibilityGlobals) = postSolution
		SolutionGuid = {83FFA495-0B61-4108-8F91-94B0ED6D902B}
	EndGlobalSection
EndGlobal
